
Microsoft Visual Studio Solution File, Format Version 12.00
# Visual Studio Version 17
VisualStudioVersion = 17.12.35527.113
MinimumVisualStudioVersion = 10.0.40219.1
Project("{FAE04EC0-301F-11D3-BF4B-00C04F79EFBC}") = "Helloworld", "Helloworld\Helloworld.csproj", "{27868750-B10A-4A86-9DE7-4D43B95E84FB}"
EndProject
Project("{FAE04EC0-301F-11D3-BF4B-00C04F79EFBC}") = "Hesap_Mak", "Hesap_Mak\Hesap_Mak.csproj", "{D0A372C8-B231-4FFA-B5E3-28BFF9A8E464}"
EndProject
Project("{FAE04EC0-301F-11D3-BF4B-00C04F79EFBC}") = "WebExample", "WebExample\WebExample.csproj", "{D342F9AD-680E-4A20-8F4C-20CEEF96B1C8}"
EndProject
Project("{FAE04EC0-301F-11D3-BF4B-00C04F79EFBC}") = "ilkders(ikisayikarsilastirma)", "ilkders(ikisayikarsilastirma)\ilkders(ikisayikarsilastirma).csproj", "{C29E50CE-689F-4EEF-8C96-46C7CC760A78}"
EndProject
Project("{FAE04EC0-301F-11D3-BF4B-00C04F79EFBC}") = "bitsel", "bitsel\bitsel.csproj", "{99266D8D-1232-4305-A078-AE6BD6E94AF4}"
EndProject
Project("{FAE04EC0-301F-11D3-BF4B-00C04F79EFBC}") = "DBConnect", "DBConnect\DBConnect.csproj", "{A5005332-E3C1-4867-A679-06AFAE9698A4}"
EndProject
Project("{FAE04EC0-301F-11D3-BF4B-00C04F79EFBC}") = "DBConnect_NetFramework", "DBConnect_NetFramework\DBConnect_NetFramework.csproj", "{8D6EC3EC-C2DA-420C-AE0D-D10B1B70E5A1}"
EndProject
Project("{FAE04EC0-301F-11D3-BF4B-00C04F79EFBC}") = "DBConnect_B", "DBConnect_B\DBConnect_B.csproj", "{EE39CAF5-BA5D-41CB-B14B-A2FBA014967B}"
EndProject
Project("{FAE04EC0-301F-11D3-BF4B-00C04F79EFBC}") = "DBConnect_B_NetFramework", "DBConnect_B_NetFramework\DBConnect_B_NetFramework.csproj", "{C3E11A73-22EE-4D48-A988-B53A2389D519}"
EndProject
Project("{FAE04EC0-301F-11D3-BF4B-00C04F79EFBC}") = "Method", "Method\Method.csproj", "{CD8AB59B-ADA6-4750-A097-B3E1A9688C33}"
EndProject
Global
	GlobalSection(SolutionConfigurationPlatforms) = preSolution
		Debug|Any CPU = Debug|Any CPU
		Release|Any CPU = Release|Any CPU
	EndGlobalSection
	GlobalSection(ProjectConfigurationPlatforms) = postSolution
		{27868750-B10A-4A86-9DE7-4D43B95E84FB}.Debug|Any CPU.ActiveCfg = Debug|Any CPU
		{27868750-B10A-4A86-9DE7-4D43B95E84FB}.Debug|Any CPU.Build.0 = Debug|Any CPU
		{27868750-B10A-4A86-9DE7-4D43B95E84FB}.Release|Any CPU.ActiveCfg = Release|Any CPU
		{27868750-B10A-4A86-9DE7-4D43B95E84FB}.Release|Any CPU.Build.0 = Release|Any CPU
		{D0A372C8-B231-4FFA-B5E3-28BFF9A8E464}.Debug|Any CPU.ActiveCfg = Debug|Any CPU
		{D0A372C8-B231-4FFA-B5E3-28BFF9A8E464}.Debug|Any CPU.Build.0 = Debug|Any CPU
		{D0A372C8-B231-4FFA-B5E3-28BFF9A8E464}.Release|Any CPU.ActiveCfg = Release|Any CPU
		{D0A372C8-B231-4FFA-B5E3-28BFF9A8E464}.Release|Any CPU.Build.0 = Release|Any CPU
		{D342F9AD-680E-4A20-8F4C-20CEEF96B1C8}.Debug|Any CPU.ActiveCfg = Debug|Any CPU
		{D342F9AD-680E-4A20-8F4C-20CEEF96B1C8}.Debug|Any CPU.Build.0 = Debug|Any CPU
		{D342F9AD-680E-4A20-8F4C-20CEEF96B1C8}.Release|Any CPU.ActiveCfg = Release|Any CPU
		{D342F9AD-680E-4A20-8F4C-20CEEF96B1C8}.Release|Any CPU.Build.0 = Release|Any CPU
		{C29E50CE-689F-4EEF-8C96-46C7CC760A78}.Debug|Any CPU.ActiveCfg = Debug|Any CPU
		{C29E50CE-689F-4EEF-8C96-46C7CC760A78}.Debug|Any CPU.Build.0 = Debug|Any CPU
		{C29E50CE-689F-4EEF-8C96-46C7CC760A78}.Release|Any CPU.ActiveCfg = Release|Any CPU
		{C29E50CE-689F-4EEF-8C96-46C7CC760A78}.Release|Any CPU.Build.0 = Release|Any CPU
		{99266D8D-1232-4305-A078-AE6BD6E94AF4}.Debug|Any CPU.ActiveCfg = Debug|Any CPU
		{99266D8D-1232-4305-A078-AE6BD6E94AF4}.Debug|Any CPU.Build.0 = Debug|Any CPU
		{99266D8D-1232-4305-A078-AE6BD6E94AF4}.Release|Any CPU.ActiveCfg = Release|Any CPU
		{99266D8D-1232-4305-A078-AE6BD6E94AF4}.Release|Any CPU.Build.0 = Release|Any CPU
		{A5005332-E3C1-4867-A679-06AFAE9698A4}.Debug|Any CPU.ActiveCfg = Debug|Any CPU
		{A5005332-E3C1-4867-A679-06AFAE9698A4}.Debug|Any CPU.Build.0 = Debug|Any CPU
		{A5005332-E3C1-4867-A679-06AFAE9698A4}.Release|Any CPU.ActiveCfg = Release|Any CPU
		{A5005332-E3C1-4867-A679-06AFAE9698A4}.Release|Any CPU.Build.0 = Release|Any CPU
		{8D6EC3EC-C2DA-420C-AE0D-D10B1B70E5A1}.Debug|Any CPU.ActiveCfg = Debug|Any CPU
		{8D6EC3EC-C2DA-420C-AE0D-D10B1B70E5A1}.Debug|Any CPU.Build.0 = Debug|Any CPU
		{8D6EC3EC-C2DA-420C-AE0D-D10B1B70E5A1}.Release|Any CPU.ActiveCfg = Release|Any CPU
		{8D6EC3EC-C2DA-420C-AE0D-D10B1B70E5A1}.Release|Any CPU.Build.0 = Release|Any CPU
		{EE39CAF5-BA5D-41CB-B14B-A2FBA014967B}.Debug|Any CPU.ActiveCfg = Debug|Any CPU
		{EE39CAF5-BA5D-41CB-B14B-A2FBA014967B}.Debug|Any CPU.Build.0 = Debug|Any CPU
		{EE39CAF5-BA5D-41CB-B14B-A2FBA014967B}.Release|Any CPU.ActiveCfg = Release|Any CPU
		{EE39CAF5-BA5D-41CB-B14B-A2FBA014967B}.Release|Any CPU.Build.0 = Release|Any CPU
		{C3E11A73-22EE-4D48-A988-B53A2389D519}.Debug|Any CPU.ActiveCfg = Debug|Any CPU
		{C3E11A73-22EE-4D48-A988-B53A2389D519}.Debug|Any CPU.Build.0 = Debug|Any CPU
		{C3E11A73-22EE-4D48-A988-B53A2389D519}.Release|Any CPU.ActiveCfg = Release|Any CPU
		{C3E11A73-22EE-4D48-A988-B53A2389D519}.Release|Any CPU.Build.0 = Release|Any CPU
		{CD8AB59B-ADA6-4750-A097-B3E1A9688C33}.Debug|Any CPU.ActiveCfg = Debug|Any CPU
		{CD8AB59B-ADA6-4750-A097-B3E1A9688C33}.Debug|Any CPU.Build.0 = Debug|Any CPU
		{CD8AB59B-ADA6-4750-A097-B3E1A9688C33}.Release|Any CPU.ActiveCfg = Release|Any CPU
		{CD8AB59B-ADA6-4750-A097-B3E1A9688C33}.Release|Any CPU.Build.0 = Release|Any CPU
	EndGlobalSection
	GlobalSection(SolutionProperties) = preSolution
		HideSolutionNode = FALSE
	EndGlobalSection
EndGlobal
